{
  "name": "tailwind-frontend",
  "lockfileVersion": 3,
  "requires": true,
  "packages": {
    "": {
      "devDependencies": {
        "expo-dotenv": "^0.1.0"
      }
    },
    "node_modules/expo-dotenv": {
      "version": "0.1.0",
      "resolved": "https://registry.npmjs.org/expo-dotenv/-/expo-dotenv-0.1.0.tgz",
      "integrity": "sha512-12l/ggewrLBGUBfaTXd7hzuAE1cLUM/TxBUpofdIGKzr8qb1D399n60AbXN5Chw7C/F/Uzgk6NP5Jg2yTu1O9A==",
      "dev": true
    }
  }
}
